
Microsoft Visual Studio Solution File, Format Version 12.00
# Visual Studio Version 17
VisualStudioVersion = 17.4.33103.184
MinimumVisualStudioVersion = 10.0.40219.1
Project("{FAE04EC0-301F-11D3-BF4B-00C04F79EFBC}") = "Entity", "Entity\Entity.csproj", "{54A5B4E0-3103-40EE-A1A5-2D801CF43101}"
EndProject
Project("{FAE04EC0-301F-11D3-BF4B-00C04F79EFBC}") = "BilgiOtelDAL", "BilgiOtelDAL\BilgiOtelDAL.csproj", "{F8120A0D-45DE-47B2-B371-F29094471B1B}"
EndProject
Project("{FAE04EC0-301F-11D3-BF4B-00C04F79EFBC}") = "BilgiOtel", "BilgiOtel\BilgiOtel.csproj", "{A183F6A8-CF30-4FB1-BA61-4249456C2F48}"
EndProject
Global
	GlobalSection(SolutionConfigurationPlatforms) = preSolution
		Debug|Any CPU = Debug|Any CPU
		Release|Any CPU = Release|Any CPU
	EndGlobalSection
	GlobalSection(ProjectConfigurationPlatforms) = postSolution
		{54A5B4E0-3103-40EE-A1A5-2D801CF43101}.Debug|Any CPU.ActiveCfg = Debug|Any CPU
		{54A5B4E0-3103-40EE-A1A5-2D801CF43101}.Debug|Any CPU.Build.0 = Debug|Any CPU
		{54A5B4E0-3103-40EE-A1A5-2D801CF43101}.Release|Any CPU.ActiveCfg = Release|Any CPU
		{54A5B4E0-3103-40EE-A1A5-2D801CF43101}.Release|Any CPU.Build.0 = Release|Any CPU
		{F8120A0D-45DE-47B2-B371-F29094471B1B}.Debug|Any CPU.ActiveCfg = Debug|Any CPU
		{F8120A0D-45DE-47B2-B371-F29094471B1B}.Debug|Any CPU.Build.0 = Debug|Any CPU
		{F8120A0D-45DE-47B2-B371-F29094471B1B}.Release|Any CPU.ActiveCfg = Release|Any CPU
		{F8120A0D-45DE-47B2-B371-F29094471B1B}.Release|Any CPU.Build.0 = Release|Any CPU
		{A183F6A8-CF30-4FB1-BA61-4249456C2F48}.Debug|Any CPU.ActiveCfg = Debug|Any CPU
		{A183F6A8-CF30-4FB1-BA61-4249456C2F48}.Debug|Any CPU.Build.0 = Debug|Any CPU
		{A183F6A8-CF30-4FB1-BA61-4249456C2F48}.Release|Any CPU.ActiveCfg = Release|Any CPU
		{A183F6A8-CF30-4FB1-BA61-4249456C2F48}.Release|Any CPU.Build.0 = Release|Any CPU
	EndGlobalSection
	GlobalSection(SolutionProperties) = preSolution
		HideSolutionNode = FALSE
	EndGlobalSection
	GlobalSection(ExtensibilityGlobals) = postSolution
		SolutionGuid = {11502B91-01B5-42A2-90A3-799D2D65A706}
	EndGlobalSection
EndGlobal
